
Microsoft Visual Studio Solution File, Format Version 12.00
# Visual Studio 15
VisualStudioVersion = 15.0.27130.2027
MinimumVisualStudioVersion = 10.0.40219.1
Project("{8BC9CEB8-8B4A-11D0-8D11-00A0C91BC942}") = "1_HelloWindow", "1_HelloWindow\1_HelloWindow.vcxproj", "{872441E3-09CE-4A0E-A5B6-C759565BF841}"
EndProject
Project("{8BC9CEB8-8B4A-11D0-8D11-00A0C91BC942}") = "2_HelloTriangle", "2_HelloTriangle\2_HelloTriangle.vcxproj", "{27ACBDA1-9BEE-45E4-A5C4-6EE335689279}"
EndProject
Project("{8BC9CEB8-8B4A-11D0-8D11-00A0C91BC942}") = "3_Shaders", "3_Shaders\3_Shaders.vcxproj", "{7128C0C6-1CDC-4C4A-A1D5-D4B20FA4748A}"
EndProject
Project("{8BC9CEB8-8B4A-11D0-8D11-00A0C91BC942}") = "4_Textures", "4_Textures\4_Textures.vcxproj", "{EE8BD5B2-7840-4225-936E-D6466FAF03E4}"
EndProject
Project("{8BC9CEB8-8B4A-11D0-8D11-00A0C91BC942}") = "5_Transfromations", "5_Transfromations\5_Transfromations.vcxproj", "{6EDBEF01-7773-4645-AF96-6A24C558E121}"
EndProject
Project("{8BC9CEB8-8B4A-11D0-8D11-00A0C91BC942}") = "6.CorrdinateSystems", "6.CorrdinateSystems\6.CorrdinateSystems.vcxproj", "{77FBF0EA-00FA-467D-8251-2B1EA6C80F38}"
EndProject
Project("{8BC9CEB8-8B4A-11D0-8D11-00A0C91BC942}") = "7_Camera", "7_Camera\7_Camera.vcxproj", "{A11F5AE3-A0C7-4C93-87BD-40DA9F3488D2}"
EndProject
Project("{8BC9CEB8-8B4A-11D0-8D11-00A0C91BC942}") = "8_Color", "8_Color\8_Color.vcxproj", "{61745040-315F-4966-B513-8312433F6818}"
EndProject
Project("{8BC9CEB8-8B4A-11D0-8D11-00A0C91BC942}") = "9_BasicLighting", "9_BasicLighting\9_BasicLighting.vcxproj", "{4A862880-1E3E-4E41-B38F-F49448F6A4E7}"
EndProject
Project("{8BC9CEB8-8B4A-11D0-8D11-00A0C91BC942}") = "10_Materials", "10_Materials\10_Materials.vcxproj", "{5B2F9CE3-2E9E-4172-A685-B67D3FFF40F7}"
EndProject
Project("{8BC9CEB8-8B4A-11D0-8D11-00A0C91BC942}") = "11_LightMap", "11_LightMap\11_LightMap.vcxproj", "{A79B74BB-CDF3-423F-9C79-F036A26D9CBD}"
EndProject
Project("{8BC9CEB8-8B4A-11D0-8D11-00A0C91BC942}") = "12_LightCasters", "12_LightCasters\12_LightCasters.vcxproj", "{E0CE0515-0431-4259-8D4F-479674201266}"
EndProject
Project("{8BC9CEB8-8B4A-11D0-8D11-00A0C91BC942}") = "13_LoadModel", "13_LoadModel\13_LoadModel.vcxproj", "{0F637152-1D19-4BF5-9F0D-5A25A80BA91B}"
EndProject
Project("{8BC9CEB8-8B4A-11D0-8D11-00A0C91BC942}") = "14_StencilTesting", "14_StencilTesting\14_StencilTesting.vcxproj", "{8556F9D9-942E-40A9-B9EA-C30553E0DFF7}"
EndProject
Project("{8BC9CEB8-8B4A-11D0-8D11-00A0C91BC942}") = "15_FrameBuffs", "15_FrameBuffs\15_FrameBuffs.vcxproj", "{0A573E8C-3BFA-492C-8929-522788D21324}"
EndProject
Global
	GlobalSection(SolutionConfigurationPlatforms) = preSolution
		Debug|x64 = Debug|x64
		Debug|x86 = Debug|x86
		Release|x64 = Release|x64
		Release|x86 = Release|x86
	EndGlobalSection
	GlobalSection(ProjectConfigurationPlatforms) = postSolution
		{872441E3-09CE-4A0E-A5B6-C759565BF841}.Debug|x64.ActiveCfg = Debug|x64
		{872441E3-09CE-4A0E-A5B6-C759565BF841}.Debug|x64.Build.0 = Debug|x64
		{872441E3-09CE-4A0E-A5B6-C759565BF841}.Debug|x86.ActiveCfg = Debug|Win32
		{872441E3-09CE-4A0E-A5B6-C759565BF841}.Debug|x86.Build.0 = Debug|Win32
		{872441E3-09CE-4A0E-A5B6-C759565BF841}.Release|x64.ActiveCfg = Release|x64
		{872441E3-09CE-4A0E-A5B6-C759565BF841}.Release|x64.Build.0 = Release|x64
		{872441E3-09CE-4A0E-A5B6-C759565BF841}.Release|x86.ActiveCfg = Release|Win32
		{872441E3-09CE-4A0E-A5B6-C759565BF841}.Release|x86.Build.0 = Release|Win32
		{27ACBDA1-9BEE-45E4-A5C4-6EE335689279}.Debug|x64.ActiveCfg = Debug|x64
		{27ACBDA1-9BEE-45E4-A5C4-6EE335689279}.Debug|x64.Build.0 = Debug|x64
		{27ACBDA1-9BEE-45E4-A5C4-6EE335689279}.Debug|x86.ActiveCfg = Debug|Win32
		{27ACBDA1-9BEE-45E4-A5C4-6EE335689279}.Debug|x86.Build.0 = Debug|Win32
		{27ACBDA1-9BEE-45E4-A5C4-6EE335689279}.Release|x64.ActiveCfg = Release|x64
		{27ACBDA1-9BEE-45E4-A5C4-6EE335689279}.Release|x64.Build.0 = Release|x64
		{27ACBDA1-9BEE-45E4-A5C4-6EE335689279}.Release|x86.ActiveCfg = Release|Win32
		{27ACBDA1-9BEE-45E4-A5C4-6EE335689279}.Release|x86.Build.0 = Release|Win32
		{7128C0C6-1CDC-4C4A-A1D5-D4B20FA4748A}.Debug|x64.ActiveCfg = Debug|x64
		{7128C0C6-1CDC-4C4A-A1D5-D4B20FA4748A}.Debug|x64.Build.0 = Debug|x64
		{7128C0C6-1CDC-4C4A-A1D5-D4B20FA4748A}.Debug|x86.ActiveCfg = Debug|Win32
		{7128C0C6-1CDC-4C4A-A1D5-D4B20FA4748A}.Debug|x86.Build.0 = Debug|Win32
		{7128C0C6-1CDC-4C4A-A1D5-D4B20FA4748A}.Release|x64.ActiveCfg = Release|x64
		{7128C0C6-1CDC-4C4A-A1D5-D4B20FA4748A}.Release|x64.Build.0 = Release|x64
		{7128C0C6-1CDC-4C4A-A1D5-D4B20FA4748A}.Release|x86.ActiveCfg = Release|Win32
		{7128C0C6-1CDC-4C4A-A1D5-D4B20FA4748A}.Release|x86.Build.0 = Release|Win32
		{EE8BD5B2-7840-4225-936E-D6466FAF03E4}.Debug|x64.ActiveCfg = Debug|x64
		{EE8BD5B2-7840-4225-936E-D6466FAF03E4}.Debug|x64.Build.0 = Debug|x64
		{EE8BD5B2-7840-4225-936E-D6466FAF03E4}.Debug|x86.ActiveCfg = Debug|Win32
		{EE8BD5B2-7840-4225-936E-D6466FAF03E4}.Debug|x86.Build.0 = Debug|Win32
		{EE8BD5B2-7840-4225-936E-D6466FAF03E4}.Release|x64.ActiveCfg = Release|x64
		{EE8BD5B2-7840-4225-936E-D6466FAF03E4}.Release|x64.Build.0 = Release|x64
		{EE8BD5B2-7840-4225-936E-D6466FAF03E4}.Release|x86.ActiveCfg = Release|Win32
		{EE8BD5B2-7840-4225-936E-D6466FAF03E4}.Release|x86.Build.0 = Release|Win32
		{6EDBEF01-7773-4645-AF96-6A24C558E121}.Debug|x64.ActiveCfg = Debug|x64
		{6EDBEF01-7773-4645-AF96-6A24C558E121}.Debug|x64.Build.0 = Debug|x64
		{6EDBEF01-7773-4645-AF96-6A24C558E121}.Debug|x86.ActiveCfg = Debug|Win32
		{6EDBEF01-7773-4645-AF96-6A24C558E121}.Debug|x86.Build.0 = Debug|Win32
		{6EDBEF01-7773-4645-AF96-6A24C558E121}.Release|x64.ActiveCfg = Release|x64
		{6EDBEF01-7773-4645-AF96-6A24C558E121}.Release|x64.Build.0 = Release|x64
		{6EDBEF01-7773-4645-AF96-6A24C558E121}.Release|x86.ActiveCfg = Release|Win32
		{6EDBEF01-7773-4645-AF96-6A24C558E121}.Release|x86.Build.0 = Release|Win32
		{77FBF0EA-00FA-467D-8251-2B1EA6C80F38}.Debug|x64.ActiveCfg = Debug|x64
		{77FBF0EA-00FA-467D-8251-2B1EA6C80F38}.Debug|x64.Build.0 = Debug|x64
		{77FBF0EA-00FA-467D-8251-2B1EA6C80F38}.Debug|x86.ActiveCfg = Debug|Win32
		{77FBF0EA-00FA-467D-8251-2B1EA6C80F38}.Debug|x86.Build.0 = Debug|Win32
		{77FBF0EA-00FA-467D-8251-2B1EA6C80F38}.Release|x64.ActiveCfg = Release|x64
		{77FBF0EA-00FA-467D-8251-2B1EA6C80F38}.Release|x64.Build.0 = Release|x64
		{77FBF0EA-00FA-467D-8251-2B1EA6C80F38}.Release|x86.ActiveCfg = Release|Win32
		{77FBF0EA-00FA-467D-8251-2B1EA6C80F38}.Release|x86.Build.0 = Release|Win32
		{A11F5AE3-A0C7-4C93-87BD-40DA9F3488D2}.Debug|x64.ActiveCfg = Debug|x64
		{A11F5AE3-A0C7-4C93-87BD-40DA9F3488D2}.Debug|x64.Build.0 = Debug|x64
		{A11F5AE3-A0C7-4C93-87BD-40DA9F3488D2}.Debug|x86.ActiveCfg = Debug|Win32
		{A11F5AE3-A0C7-4C93-87BD-40DA9F3488D2}.Debug|x86.Build.0 = Debug|Win32
		{A11F5AE3-A0C7-4C93-87BD-40DA9F3488D2}.Release|x64.ActiveCfg = Release|x64
		{A11F5AE3-A0C7-4C93-87BD-40DA9F3488D2}.Release|x64.Build.0 = Release|x64
		{A11F5AE3-A0C7-4C93-87BD-40DA9F3488D2}.Release|x86.ActiveCfg = Release|Win32
		{A11F5AE3-A0C7-4C93-87BD-40DA9F3488D2}.Release|x86.Build.0 = Release|Win32
		{61745040-315F-4966-B513-8312433F6818}.Debug|x64.ActiveCfg = Debug|x64
		{61745040-315F-4966-B513-8312433F6818}.Debug|x64.Build.0 = Debug|x64
		{61745040-315F-4966-B513-8312433F6818}.Debug|x86.ActiveCfg = Debug|Win32
		{61745040-315F-4966-B513-8312433F6818}.Debug|x86.Build.0 = Debug|Win32
		{61745040-315F-4966-B513-8312433F6818}.Release|x64.ActiveCfg = Release|x64
		{61745040-315F-4966-B513-8312433F6818}.Release|x64.Build.0 = Release|x64
		{61745040-315F-4966-B513-8312433F6818}.Release|x86.ActiveCfg = Release|Win32
		{61745040-315F-4966-B513-8312433F6818}.Release|x86.Build.0 = Release|Win32
		{4A862880-1E3E-4E41-B38F-F49448F6A4E7}.Debug|x64.ActiveCfg = Debug|x64
		{4A862880-1E3E-4E41-B38F-F49448F6A4E7}.Debug|x64.Build.0 = Debug|x64
		{4A862880-1E3E-4E41-B38F-F49448F6A4E7}.Debug|x86.ActiveCfg = Debug|Win32
		{4A862880-1E3E-4E41-B38F-F49448F6A4E7}.Debug|x86.Build.0 = Debug|Win32
		{4A862880-1E3E-4E41-B38F-F49448F6A4E7}.Release|x64.ActiveCfg = Release|x64
		{4A862880-1E3E-4E41-B38F-F49448F6A4E7}.Release|x64.Build.0 = Release|x64
		{4A862880-1E3E-4E41-B38F-F49448F6A4E7}.Release|x86.ActiveCfg = Release|Win32
		{4A862880-1E3E-4E41-B38F-F49448F6A4E7}.Release|x86.Build.0 = Release|Win32
		{5B2F9CE3-2E9E-4172-A685-B67D3FFF40F7}.Debug|x64.ActiveCfg = Debug|x64
		{5B2F9CE3-2E9E-4172-A685-B67D3FFF40F7}.Debug|x64.Build.0 = Debug|x64
		{5B2F9CE3-2E9E-4172-A685-B67D3FFF40F7}.Debug|x86.ActiveCfg = Debug|Win32
		{5B2F9CE3-2E9E-4172-A685-B67D3FFF40F7}.Debug|x86.Build.0 = Debug|Win32
		{5B2F9CE3-2E9E-4172-A685-B67D3FFF40F7}.Release|x64.ActiveCfg = Release|x64
		{5B2F9CE3-2E9E-4172-A685-B67D3FFF40F7}.Release|x64.Build.0 = Release|x64
		{5B2F9CE3-2E9E-4172-A685-B67D3FFF40F7}.Release|x86.ActiveCfg = Release|Win32
		{5B2F9CE3-2E9E-4172-A685-B67D3FFF40F7}.Release|x86.Build.0 = Release|Win32
		{A79B74BB-CDF3-423F-9C79-F036A26D9CBD}.Debug|x64.ActiveCfg = Debug|x64
		{A79B74BB-CDF3-423F-9C79-F036A26D9CBD}.Debug|x64.Build.0 = Debug|x64
		{A79B74BB-CDF3-423F-9C79-F036A26D9CBD}.Debug|x86.ActiveCfg = Debug|Win32
		{A79B74BB-CDF3-423F-9C79-F036A26D9CBD}.Debug|x86.Build.0 = Debug|Win32
		{A79B74BB-CDF3-423F-9C79-F036A26D9CBD}.Release|x64.ActiveCfg = Release|x64
		{A79B74BB-CDF3-423F-9C79-F036A26D9CBD}.Release|x64.Build.0 = Release|x64
		{A79B74BB-CDF3-423F-9C79-F036A26D9CBD}.Release|x86.ActiveCfg = Release|Win32
		{A79B74BB-CDF3-423F-9C79-F036A26D9CBD}.Release|x86.Build.0 = Release|Win32
		{E0CE0515-0431-4259-8D4F-479674201266}.Debug|x64.ActiveCfg = Debug|x64
		{E0CE0515-0431-4259-8D4F-479674201266}.Debug|x64.Build.0 = Debug|x64
		{E0CE0515-0431-4259-8D4F-479674201266}.Debug|x86.ActiveCfg = Debug|Win32
		{E0CE0515-0431-4259-8D4F-479674201266}.Debug|x86.Build.0 = Debug|Win32
		{E0CE0515-0431-4259-8D4F-479674201266}.Release|x64.ActiveCfg = Release|x64
		{E0CE0515-0431-4259-8D4F-479674201266}.Release|x64.Build.0 = Release|x64
		{E0CE0515-0431-4259-8D4F-479674201266}.Release|x86.ActiveCfg = Release|Win32
		{E0CE0515-0431-4259-8D4F-479674201266}.Release|x86.Build.0 = Release|Win32
		{0F637152-1D19-4BF5-9F0D-5A25A80BA91B}.Debug|x64.ActiveCfg = Debug|x64
		{0F637152-1D19-4BF5-9F0D-5A25A80BA91B}.Debug|x64.Build.0 = Debug|x64
		{0F637152-1D19-4BF5-9F0D-5A25A80BA91B}.Debug|x86.ActiveCfg = Debug|Win32
		{0F637152-1D19-4BF5-9F0D-5A25A80BA91B}.Debug|x86.Build.0 = Debug|Win32
		{0F637152-1D19-4BF5-9F0D-5A25A80BA91B}.Release|x64.ActiveCfg = Release|x64
		{0F637152-1D19-4BF5-9F0D-5A25A80BA91B}.Release|x64.Build.0 = Release|x64
		{0F637152-1D19-4BF5-9F0D-5A25A80BA91B}.Release|x86.ActiveCfg = Release|Win32
		{0F637152-1D19-4BF5-9F0D-5A25A80BA91B}.Release|x86.Build.0 = Release|Win32
		{8556F9D9-942E-40A9-B9EA-C30553E0DFF7}.Debug|x64.ActiveCfg = Debug|x64
		{8556F9D9-942E-40A9-B9EA-C30553E0DFF7}.Debug|x64.Build.0 = Debug|x64
		{8556F9D9-942E-40A9-B9EA-C30553E0DFF7}.Debug|x86.ActiveCfg = Debug|Win32
		{8556F9D9-942E-40A9-B9EA-C30553E0DFF7}.Debug|x86.Build.0 = Debug|Win32
		{8556F9D9-942E-40A9-B9EA-C30553E0DFF7}.Release|x64.ActiveCfg = Release|x64
		{8556F9D9-942E-40A9-B9EA-C30553E0DFF7}.Release|x64.Build.0 = Release|x64
		{8556F9D9-942E-40A9-B9EA-C30553E0DFF7}.Release|x86.ActiveCfg = Release|Win32
		{8556F9D9-942E-40A9-B9EA-C30553E0DFF7}.Release|x86.Build.0 = Release|Win32
		{0A573E8C-3BFA-492C-8929-522788D21324}.Debug|x64.ActiveCfg = Debug|x64
		{0A573E8C-3BFA-492C-8929-522788D21324}.Debug|x64.Build.0 = Debug|x64
		{0A573E8C-3BFA-492C-8929-522788D21324}.Debug|x86.ActiveCfg = Debug|Win32
		{0A573E8C-3BFA-492C-8929-522788D21324}.Debug|x86.Build.0 = Debug|Win32
		{0A573E8C-3BFA-492C-8929-522788D21324}.Release|x64.ActiveCfg = Release|x64
		{0A573E8C-3BFA-492C-8929-522788D21324}.Release|x64.Build.0 = Release|x64
		{0A573E8C-3BFA-492C-8929-522788D21324}.Release|x86.ActiveCfg = Release|Win32
		{0A573E8C-3BFA-492C-8929-522788D21324}.Release|x86.Build.0 = Release|Win32
	EndGlobalSection
	GlobalSection(SolutionProperties) = preSolution
		HideSolutionNode = FALSE
	EndGlobalSection
	GlobalSection(ExtensibilityGlobals) = postSolution
		SolutionGuid = {4CBC2B7A-11FF-474D-9716-BC876ADEEA22}
	EndGlobalSection
EndGlobal
